
Microsoft Visual Studio Solution File, Format Version 12.00
# Visual Studio Version 17
VisualStudioVersion = 17.0.31903.59
MinimumVisualStudioVersion = 10.0.40219.1
Project("{FAE04EC0-301F-11D3-BF4B-00C04F79EFBC}") = "csharp-while-es1", "csharp-while-es1\csharp-while-es1.csproj", "{13B8AB2A-6B74-4D67-AF77-29E9E5DDDD4B}"
EndProject
Global
	GlobalSection(SolutionConfigurationPlatforms) = preSolution
		Debug|Any CPU = Debug|Any CPU
		Release|Any CPU = Release|Any CPU
	EndGlobalSection
	GlobalSection(SolutionProperties) = preSolution
		HideSolutionNode = FALSE
	EndGlobalSection
	GlobalSection(ProjectConfigurationPlatforms) = postSolution
		{13B8AB2A-6B74-4D67-AF77-29E9E5DDDD4B}.Debug|Any CPU.ActiveCfg = Debug|Any CPU
		{13B8AB2A-6B74-4D67-AF77-29E9E5DDDD4B}.Debug|Any CPU.Build.0 = Debug|Any CPU
		{13B8AB2A-6B74-4D67-AF77-29E9E5DDDD4B}.Release|Any CPU.ActiveCfg = Release|Any CPU
		{13B8AB2A-6B74-4D67-AF77-29E9E5DDDD4B}.Release|Any CPU.Build.0 = Release|Any CPU
	EndGlobalSection
EndGlobal
